
Microsoft Visual Studio Solution File, Format Version 12.00
# Visual Studio Version 17
VisualStudioVersion = 17.12.35527.113
MinimumVisualStudioVersion = 10.0.40219.1
Project("{FAE04EC0-301F-11D3-BF4B-00C04F79EFBC}") = "AuthAPI", "AuthAPI\AuthAPI.csproj", "{77FA2F92-8435-47DD-9591-F2175D3824D5}"
EndProject
Project("{2150E333-8FDC-42A3-9474-1A3956D46DE8}") = "Src", "Src", "{A78B635E-12A5-4950-AE1A-A9321F5A76AC}"
EndProject
Project("{2150E333-8FDC-42A3-9474-1A3956D46DE8}") = "Solution items", "Solution items", "{03D13B2E-E4D2-472F-A67C-CC0B1BDB2A01}"
	ProjectSection(SolutionItems) = preProject
		docker-compose.Dev.Infastructure.yaml = docker-compose.Dev.Infastructure.yaml
	EndProjectSection
EndProject
Project("{FAE04EC0-301F-11D3-BF4B-00C04F79EFBC}") = "Infrastructure", "Infrastructure\Infrastructure.csproj", "{31405BA1-1E50-47ED-9306-5DABF2456650}"
EndProject
Project("{2150E333-8FDC-42A3-9474-1A3956D46DE8}") = "GateWay", "GateWay", "{7E29BD12-4E8F-43B8-BE51-F0CAD1AE3C7D}"
EndProject
Project("{FAE04EC0-301F-11D3-BF4B-00C04F79EFBC}") = "ReverseProxy", "ReverseProxy\ReverseProxy.csproj", "{20F36E65-BABF-40D0-B4AC-35A7D5320577}"
EndProject
Project("{2150E333-8FDC-42A3-9474-1A3956D46DE8}") = "Presentation", "Presentation", "{3C5AF22A-392B-4CE6-95D8-5B799288EC95}"
EndProject
Project("{FAE04EC0-301F-11D3-BF4B-00C04F79EFBC}") = "HostBase", "HostBase\HostBase.csproj", "{C01A613F-C05B-4D16-8646-C1B61D6E5E4B}"
EndProject
Project("{FAE04EC0-301F-11D3-BF4B-00C04F79EFBC}") = "ServiceLayer", "ServiceLayer\ServiceLayer.csproj", "{E70B07B0-E824-42A7-8734-1A7B31262A17}"
EndProject
Project("{FAE04EC0-301F-11D3-BF4B-00C04F79EFBC}") = "DataAccessLayer", "DataAccessLayer\DataAccessLayer.csproj", "{E9EDCC14-182D-4820-84C7-E744A43EC2BB}"
EndProject
Project("{FAE04EC0-301F-11D3-BF4B-00C04F79EFBC}") = "PostAPI", "PostAPI\PostAPI.csproj", "{94F6E59C-51CD-4F32-A580-47AAE356DAE8}"
EndProject
Project("{FAE04EC0-301F-11D3-BF4B-00C04F79EFBC}") = "ChatAPI", "ChatAPI\ChatAPI.csproj", "{9FB89103-C043-4A2F-A355-4514593914CD}"
EndProject
Project("{2150E333-8FDC-42A3-9474-1A3956D46DE8}") = "Infastructure", "Infastructure", "{2367D6D6-98B5-46E0-814E-D398E343F2C8}"
EndProject
Project("{FAE04EC0-301F-11D3-BF4B-00C04F79EFBC}") = "Domain", "Domain\Domain.csproj", "{4CBC4297-BC31-49FA-AFD3-184FB07814B2}"
EndProject
Project("{FAE04EC0-301F-11D3-BF4B-00C04F79EFBC}") = "DTO", "DTO\DTO.csproj", "{77A37C79-2335-4D6D-9098-25B0335F95CB}"
EndProject
Global
	GlobalSection(SolutionConfigurationPlatforms) = preSolution
		Debug|Any CPU = Debug|Any CPU
		Release|Any CPU = Release|Any CPU
	EndGlobalSection
	GlobalSection(ProjectConfigurationPlatforms) = postSolution
		{77FA2F92-8435-47DD-9591-F2175D3824D5}.Debug|Any CPU.ActiveCfg = Debug|Any CPU
		{77FA2F92-8435-47DD-9591-F2175D3824D5}.Debug|Any CPU.Build.0 = Debug|Any CPU
		{77FA2F92-8435-47DD-9591-F2175D3824D5}.Release|Any CPU.ActiveCfg = Release|Any CPU
		{77FA2F92-8435-47DD-9591-F2175D3824D5}.Release|Any CPU.Build.0 = Release|Any CPU
		{31405BA1-1E50-47ED-9306-5DABF2456650}.Debug|Any CPU.ActiveCfg = Debug|Any CPU
		{31405BA1-1E50-47ED-9306-5DABF2456650}.Debug|Any CPU.Build.0 = Debug|Any CPU
		{31405BA1-1E50-47ED-9306-5DABF2456650}.Release|Any CPU.ActiveCfg = Release|Any CPU
		{31405BA1-1E50-47ED-9306-5DABF2456650}.Release|Any CPU.Build.0 = Release|Any CPU
		{20F36E65-BABF-40D0-B4AC-35A7D5320577}.Debug|Any CPU.ActiveCfg = Debug|Any CPU
		{20F36E65-BABF-40D0-B4AC-35A7D5320577}.Debug|Any CPU.Build.0 = Debug|Any CPU
		{20F36E65-BABF-40D0-B4AC-35A7D5320577}.Release|Any CPU.ActiveCfg = Release|Any CPU
		{20F36E65-BABF-40D0-B4AC-35A7D5320577}.Release|Any CPU.Build.0 = Release|Any CPU
		{C01A613F-C05B-4D16-8646-C1B61D6E5E4B}.Debug|Any CPU.ActiveCfg = Debug|Any CPU
		{C01A613F-C05B-4D16-8646-C1B61D6E5E4B}.Debug|Any CPU.Build.0 = Debug|Any CPU
		{C01A613F-C05B-4D16-8646-C1B61D6E5E4B}.Release|Any CPU.ActiveCfg = Release|Any CPU
		{C01A613F-C05B-4D16-8646-C1B61D6E5E4B}.Release|Any CPU.Build.0 = Release|Any CPU
		{E70B07B0-E824-42A7-8734-1A7B31262A17}.Debug|Any CPU.ActiveCfg = Debug|Any CPU
		{E70B07B0-E824-42A7-8734-1A7B31262A17}.Debug|Any CPU.Build.0 = Debug|Any CPU
		{E70B07B0-E824-42A7-8734-1A7B31262A17}.Release|Any CPU.ActiveCfg = Release|Any CPU
		{E70B07B0-E824-42A7-8734-1A7B31262A17}.Release|Any CPU.Build.0 = Release|Any CPU
		{E9EDCC14-182D-4820-84C7-E744A43EC2BB}.Debug|Any CPU.ActiveCfg = Debug|Any CPU
		{E9EDCC14-182D-4820-84C7-E744A43EC2BB}.Debug|Any CPU.Build.0 = Debug|Any CPU
		{E9EDCC14-182D-4820-84C7-E744A43EC2BB}.Release|Any CPU.ActiveCfg = Release|Any CPU
		{E9EDCC14-182D-4820-84C7-E744A43EC2BB}.Release|Any CPU.Build.0 = Release|Any CPU
		{94F6E59C-51CD-4F32-A580-47AAE356DAE8}.Debug|Any CPU.ActiveCfg = Debug|Any CPU
		{94F6E59C-51CD-4F32-A580-47AAE356DAE8}.Debug|Any CPU.Build.0 = Debug|Any CPU
		{94F6E59C-51CD-4F32-A580-47AAE356DAE8}.Release|Any CPU.ActiveCfg = Release|Any CPU
		{94F6E59C-51CD-4F32-A580-47AAE356DAE8}.Release|Any CPU.Build.0 = Release|Any CPU
		{9FB89103-C043-4A2F-A355-4514593914CD}.Debug|Any CPU.ActiveCfg = Debug|Any CPU
		{9FB89103-C043-4A2F-A355-4514593914CD}.Debug|Any CPU.Build.0 = Debug|Any CPU
		{9FB89103-C043-4A2F-A355-4514593914CD}.Release|Any CPU.ActiveCfg = Release|Any CPU
		{9FB89103-C043-4A2F-A355-4514593914CD}.Release|Any CPU.Build.0 = Release|Any CPU
		{4CBC4297-BC31-49FA-AFD3-184FB07814B2}.Debug|Any CPU.ActiveCfg = Debug|Any CPU
		{4CBC4297-BC31-49FA-AFD3-184FB07814B2}.Debug|Any CPU.Build.0 = Debug|Any CPU
		{4CBC4297-BC31-49FA-AFD3-184FB07814B2}.Release|Any CPU.ActiveCfg = Release|Any CPU
		{4CBC4297-BC31-49FA-AFD3-184FB07814B2}.Release|Any CPU.Build.0 = Release|Any CPU
		{77A37C79-2335-4D6D-9098-25B0335F95CB}.Debug|Any CPU.ActiveCfg = Debug|Any CPU
		{77A37C79-2335-4D6D-9098-25B0335F95CB}.Debug|Any CPU.Build.0 = Debug|Any CPU
		{77A37C79-2335-4D6D-9098-25B0335F95CB}.Release|Any CPU.ActiveCfg = Release|Any CPU
		{77A37C79-2335-4D6D-9098-25B0335F95CB}.Release|Any CPU.Build.0 = Release|Any CPU
	EndGlobalSection
	GlobalSection(SolutionProperties) = preSolution
		HideSolutionNode = FALSE
	EndGlobalSection
	GlobalSection(NestedProjects) = preSolution
		{77FA2F92-8435-47DD-9591-F2175D3824D5} = {3C5AF22A-392B-4CE6-95D8-5B799288EC95}
		{31405BA1-1E50-47ED-9306-5DABF2456650} = {2367D6D6-98B5-46E0-814E-D398E343F2C8}
		{20F36E65-BABF-40D0-B4AC-35A7D5320577} = {7E29BD12-4E8F-43B8-BE51-F0CAD1AE3C7D}
		{C01A613F-C05B-4D16-8646-C1B61D6E5E4B} = {A78B635E-12A5-4950-AE1A-A9321F5A76AC}
		{E70B07B0-E824-42A7-8734-1A7B31262A17} = {A78B635E-12A5-4950-AE1A-A9321F5A76AC}
		{E9EDCC14-182D-4820-84C7-E744A43EC2BB} = {A78B635E-12A5-4950-AE1A-A9321F5A76AC}
		{94F6E59C-51CD-4F32-A580-47AAE356DAE8} = {3C5AF22A-392B-4CE6-95D8-5B799288EC95}
		{9FB89103-C043-4A2F-A355-4514593914CD} = {3C5AF22A-392B-4CE6-95D8-5B799288EC95}
		{2367D6D6-98B5-46E0-814E-D398E343F2C8} = {A78B635E-12A5-4950-AE1A-A9321F5A76AC}
		{4CBC4297-BC31-49FA-AFD3-184FB07814B2} = {A78B635E-12A5-4950-AE1A-A9321F5A76AC}
		{77A37C79-2335-4D6D-9098-25B0335F95CB} = {A78B635E-12A5-4950-AE1A-A9321F5A76AC}
	EndGlobalSection
EndGlobal
